{
  "name": "uep-public-testnet-marketplace",
  "version": "0.4.6-public-iot-m2m",
  "lockfileVersion": 3,
  "requires": true,
  "packages": {
    "": {
      "name": "uep-public-testnet-marketplace",
      "version": "0.4.6-public-iot-m2m",
      "license": "Apache-2.0",
      "engines": {
        "node": ">=22.6"
      }
    }
  }
}
